# This file is automatically @generated by Poetry 1.7.1 and should not be changed by hand.

[[package]]
name = "annotated-types"
version = "0.6.0"
description = "Reusable constraint types to use with typing.Annotated"
optional = false
python-versions = ">=3.8"
files = [
    {file = "annotated_types-0.6.0-py3-none-any.whl", hash = "sha256:0641064de18ba7a25dee8f96403ebc39113d0cb953a01429249d5c7564666a43"},
    {file = "annotated_types-0.6.0.tar.gz", hash = "sha256:563339e807e53ffd9c267e99fc6d9ea23eb8443c08f112651963e24e22f84a5d"},
]

[[package]]
name = "funkify"
version = "0.4.5"
description = "Funkify modules so that they are callable"
optional = false
python-versions = ">=3.7,<4.0"
files = [
    {file = "funkify-0.4.5-py3-none-any.whl", hash = "sha256:43f1e6c27263468a60ba560dfc13e6e4df57aa75376438a62f741ffc7c83cdfe"},
    {file = "funkify-0.4.5.tar.gz", hash = "sha256:42df845f4afa63e0e66239a986d26b6572ab0b7ad600d7d6365d44d8a0cff3d5"},
]

[[package]]
name = "prompt"
version = "0.4.1"
description = "Library for prompting input on the command line."
optional = false
python-versions = ">=3.3"
files = [
    {file = "prompt-0.4.1-py3-none-any.whl", hash = "sha256:98527de8dc3f0aa29669a39fbffeaf578ba6654dc836f737b6a5c6f9279002b7"},
    {file = "prompt-0.4.1.tar.gz", hash = "sha256:8a7694b88f8c65188a983315e72582bf42fcc251b97042be1d2a2ad1aa0ebe0e"},
]

[[package]]
name = "prompt-toolkit"
version = "3.0.41"
description = "Library for building powerful interactive command lines in Python"
optional = false
python-versions = ">=3.7.0"
files = [
    {file = "prompt_toolkit-3.0.41-py3-none-any.whl", hash = "sha256:f36fe301fafb7470e86aaf90f036eef600a3210be4decf461a5b1ca8403d3cb2"},
    {file = "prompt_toolkit-3.0.41.tar.gz", hash = "sha256:941367d97fc815548822aa26c2a269fdc4eb21e9ec05fc5d447cf09bad5d75f0"},
]

[package.dependencies]
wcwidth = "*"

[[package]]
name = "requires"
version = "0.10.5"
description = "Runtime imports and dependency utils"
optional = false
python-versions = ">=3.7,<4.0"
files = [
    {file = "requires-0.10.5-py3-none-any.whl", hash = "sha256:498cc3a5ad0c2d9f149362ab0cd3e7176a0036658872e50d40f765d09af81ef3"},
    {file = "requires-0.10.5.tar.gz", hash = "sha256:de4ed110b9d199327ea2e91fa60c00e1878cb180d75620589b11e6d519e7b5a0"},
]

[package.dependencies]
funkify = ">=0.4.0,<0.5.0"
xtyping = ">=0.5.0"

[[package]]
name = "typing-extensions"
version = "4.8.0"
description = "Backported and Experimental Type Hints for Python 3.8+"
optional = false
python-versions = ">=3.8"
files = [
    {file = "typing_extensions-4.8.0-py3-none-any.whl", hash = "sha256:8f92fc8806f9a6b641eaa5318da32b44d401efaac0f6678c9bc448ba3605faa0"},
    {file = "typing_extensions-4.8.0.tar.gz", hash = "sha256:df8e4339e9cb77357558cbdbceca33c303714cf861d1eef15e1070055ae8b7ef"},
]

[[package]]
name = "wcwidth"
version = "0.2.12"
description = "Measures the displayed width of unicode strings in a terminal"
optional = false
python-versions = "*"
files = [
    {file = "wcwidth-0.2.12-py2.py3-none-any.whl", hash = "sha256:f26ec43d96c8cbfed76a5075dac87680124fa84e0855195a6184da9c187f133c"},
    {file = "wcwidth-0.2.12.tar.gz", hash = "sha256:f01c104efdf57971bcb756f054dd58ddec5204dd15fa31d6503ea57947d97c02"},
]

[[package]]
name = "xtyping"
version = "0.7.0"
description = "xtyping = typing + typing_extensions"
optional = false
python-versions = ">=3.7,<4.0"
files = [
    {file = "xtyping-0.7.0-py3-none-any.whl", hash = "sha256:5b72b08d5b4775c1ff34a8b7bbdfaae92249aaa11c53b33f26a0a788ca209fda"},
    {file = "xtyping-0.7.0.tar.gz", hash = "sha256:441e597b227fcb51645e33de7cb47b7b23c014ee7c487a996b312652b8cacde0"},
]

[package.dependencies]
annotated-types = ">=0.5.0"
typing-extensions = ">=4.4.0"

[metadata]
lock-version = "2.0"
python-versions = "^3.11"
content-hash = "92eb72aebf7e78a22357130c4d2f292c06c35b056a47524ec7320cd378ddf51a"
